
Microsoft Visual Studio Solution File, Format Version 12.00
# Visual Studio Version 17
VisualStudioVersion = 17.3.32811.315
MinimumVisualStudioVersion = 10.0.40219.1
Project("{FAE04EC0-301F-11D3-BF4B-00C04F79EFBC}") = "MusicApi", "MusicApi\MusicApi.csproj", "{2DC7DC24-BA2A-4407-8A7F-37BFB262978E}"
EndProject
Global
	GlobalSection(SolutionConfigurationPlatforms) = preSolution
		Debug|Any CPU = Debug|Any CPU
		Release|Any CPU = Release|Any CPU
	EndGlobalSection
	GlobalSection(ProjectConfigurationPlatforms) = postSolution
		{2DC7DC24-BA2A-4407-8A7F-37BFB262978E}.Debug|Any CPU.ActiveCfg = Debug|Any CPU
		{2DC7DC24-BA2A-4407-8A7F-37BFB262978E}.Debug|Any CPU.Build.0 = Debug|Any CPU
		{2DC7DC24-BA2A-4407-8A7F-37BFB262978E}.Release|Any CPU.ActiveCfg = Release|Any CPU
		{2DC7DC24-BA2A-4407-8A7F-37BFB262978E}.Release|Any CPU.Build.0 = Release|Any CPU
	EndGlobalSection
	GlobalSection(SolutionProperties) = preSolution
		HideSolutionNode = FALSE
	EndGlobalSection
	GlobalSection(ExtensibilityGlobals) = postSolution
		SolutionGuid = {58D3D60A-1362-4C2E-8951-DF7C296FBDF7}
	EndGlobalSection
EndGlobal
